
Microsoft Visual Studio Solution File, Format Version 12.00
# Visual Studio Version 16
VisualStudioVersion = 25.0.1706.0
MinimumVisualStudioVersion = 10.0.40219.1
Project("{FAE04EC0-301F-11D3-BF4B-00C04F79EFBC}") = "OptionalObjects", "OptionalObjects\OptionalObjects.csproj", "{8C97910F-58FD-4C02-A1F8-AD0C99E0E94C}"
EndProject
Global
	GlobalSection(SolutionConfigurationPlatforms) = preSolution
		Debug|Any CPU = Debug|Any CPU
		Release|Any CPU = Release|Any CPU
	EndGlobalSection
	GlobalSection(ProjectConfigurationPlatforms) = postSolution
		{8C97910F-58FD-4C02-A1F8-AD0C99E0E94C}.Debug|Any CPU.ActiveCfg = Debug|Any CPU
		{8C97910F-58FD-4C02-A1F8-AD0C99E0E94C}.Debug|Any CPU.Build.0 = Debug|Any CPU
		{8C97910F-58FD-4C02-A1F8-AD0C99E0E94C}.Release|Any CPU.ActiveCfg = Release|Any CPU
		{8C97910F-58FD-4C02-A1F8-AD0C99E0E94C}.Release|Any CPU.Build.0 = Release|Any CPU
	EndGlobalSection
	GlobalSection(SolutionProperties) = preSolution
		HideSolutionNode = FALSE
	EndGlobalSection
	GlobalSection(ExtensibilityGlobals) = postSolution
		SolutionGuid = {BDAB151D-BA14-45D0-B787-0ED623DC0F10}
	EndGlobalSection
EndGlobal
